// !$*UTF8*$!
{
	archiveVersion = 1;
	classes = {
	};
	objectVersion = 46;
	objects = {

/* Begin PBXBuildFile section */
		2512DB401DAC24B20048EA4C /* AppDelegate.swift in Sources */ = {isa = PBXBuildFile; fileRef = 2512DB3F1DAC24B20048EA4C /* AppDelegate.swift */; };
		2512DB421DAC24B20048EA4C /* ViewController.swift in Sources */ = {isa = PBXBuildFile; fileRef = 2512DB411DAC24B20048EA4C /* ViewController.swift */; };
		2512DB451DAC24B20048EA4C /* Main.storyboard in Resources */ = {isa = PBXBuildFile; fileRef = 2512DB431DAC24B20048EA4C /* Main.storyboard */; };
		2512DB471DAC24B20048EA4C /* Images.xcassets in Resources */ = {isa = PBXBuildFile; fileRef = 2512DB461DAC24B20048EA4C /* Images.xcassets */; };
		2512DB4A1DAC24B20048EA4C /* LaunchScreen.xib in Resources */ = {isa = PBXBuildFile; fileRef = 2512DB481DAC24B20048EA4C /* LaunchScreen.xib */; };
		2512DB561DAC24B20048EA4C /* SPEKTRALLETests.swift in Sources */ = {isa = PBXBuildFile; fileRef = 2512DB551DAC24B20048EA4C /* SPEKTRALLETests.swift */; };
		2547B2271F76BFEE00EF7A9A /* ResultView.swift in Sources */ = {isa = PBXBuildFile; fileRef = 2547B2261F76BFEE00EF7A9A /* ResultView.swift */; };
		257160D21DAC45EC00CA07ED /* SPEKTRALLE in Resources */ = {isa = PBXBuildFile; fileRef = 257160D11DAC45EC00CA07ED /* SPEKTRALLE */; };
		257161141DB4378700CA07ED /* c13.png in Resources */ = {isa = PBXBuildFile; fileRef = 2571610D1DB4378700CA07ED /* c13.png */; };
		257161151DB4378700CA07ED /* clear button.png in Resources */ = {isa = PBXBuildFile; fileRef = 2571610E1DB4378700CA07ED /* clear button.png */; };
		257161161DB4378700CA07ED /* entrybox.png in Resources */ = {isa = PBXBuildFile; fileRef = 2571610F1DB4378700CA07ED /* entrybox.png */; };
		257161171DB4378700CA07ED /* go button.png in Resources */ = {isa = PBXBuildFile; fileRef = 257161101DB4378700CA07ED /* go button.png */; };
		257161181DB4378700CA07ED /* H1.png in Resources */ = {isa = PBXBuildFile; fileRef = 257161111DB4378700CA07ED /* H1.png */; };
		257161191DB4378700CA07ED /* IR.png in Resources */ = {isa = PBXBuildFile; fileRef = 257161121DB4378700CA07ED /* IR.png */; };
		2571611A1DB4378700CA07ED /* speklogo.1.png in Resources */ = {isa = PBXBuildFile; fileRef = 257161131DB4378700CA07ED /* speklogo.1.png */; };
		2571611C1DB439AF00CA07ED /* splash.png in Resources */ = {isa = PBXBuildFile; fileRef = 2571611B1DB439AF00CA07ED /* splash.png */; };
/* End PBXBuildFile section */

/* Begin PBXContainerItemProxy section */
		2512DB501DAC24B20048EA4C /* PBXContainerItemProxy */ = {
			isa = PBXContainerItemProxy;
			containerPortal = 2512DB321DAC24B20048EA4C /* Project object */;
			proxyType = 1;
			remoteGlobalIDString = 2512DB391DAC24B20048EA4C;
			remoteInfo = SPEKTRALLE;
		};
/* End PBXContainerItemProxy section */

/* Begin PBXFileReference section */
		2512DB3A1DAC24B20048EA4C /* SPEKTRALLE.app */ = {isa = PBXFileReference; explicitFileType = wrapper.application; includeInIndex = 0; path = SPEKTRALLE.app; sourceTree = BUILT_PRODUCTS_DIR; };
		2512DB3E1DAC24B20048EA4C /* Info.plist */ = {isa = PBXFileReference; lastKnownFileType = text.plist.xml; path = Info.plist; sourceTree = "<group>"; };
		2512DB3F1DAC24B20048EA4C /* AppDelegate.swift */ = {isa = PBXFileReference; lastKnownFileType = sourcecode.swift; path = AppDelegate.swift; sourceTree = "<group>"; };
		2512DB411DAC24B20048EA4C /* ViewController.swift */ = {isa = PBXFileReference; lastKnownFileType = sourcecode.swift; path = ViewController.swift; sourceTree = "<group>"; };
		2512DB441DAC24B20048EA4C /* Base */ = {isa = PBXFileReference; lastKnownFileType = file.storyboard; name = Base; path = Base.lproj/Main.storyboard; sourceTree = "<group>"; };
		2512DB461DAC24B20048EA4C /* Images.xcassets */ = {isa = PBXFileReference; lastKnownFileType = folder.assetcatalog; path = Images.xcassets; sourceTree = "<group>"; };
		2512DB491DAC24B20048EA4C /* Base */ = {isa = PBXFileReference; lastKnownFileType = file.xib; name = Base; path = Base.lproj/LaunchScreen.xib; sourceTree = "<group>"; };
		2512DB4F1DAC24B20048EA4C /* SPEKTRALLETests.xctest */ = {isa = PBXFileReference; explicitFileType = wrapper.cfbundle; includeInIndex = 0; path = SPEKTRALLETests.xctest; sourceTree = BUILT_PRODUCTS_DIR; };
		2512DB541DAC24B20048EA4C /* Info.plist */ = {isa = PBXFileReference; lastKnownFileType = text.plist.xml; path = Info.plist; sourceTree = "<group>"; };
		2512DB551DAC24B20048EA4C /* SPEKTRALLETests.swift */ = {isa = PBXFileReference; lastKnownFileType = sourcecode.swift; path = SPEKTRALLETests.swift; sourceTree = "<group>"; };
		2547B2261F76BFEE00EF7A9A /* ResultView.swift */ = {isa = PBXFileReference; fileEncoding = 4; lastKnownFileType = sourcecode.swift; path = ResultView.swift; sourceTree = "<group>"; };
		257160D11DAC45EC00CA07ED /* SPEKTRALLE */ = {isa = PBXFileReference; lastKnownFileType = folder; path = SPEKTRALLE; sourceTree = "<group>"; };
		2571610D1DB4378700CA07ED /* c13.png */ = {isa = PBXFileReference; lastKnownFileType = image.png; path = c13.png; sourceTree = "<group>"; };
		2571610E1DB4378700CA07ED /* clear button.png */ = {isa = PBXFileReference; lastKnownFileType = image.png; path = "clear button.png"; sourceTree = "<group>"; };
		2571610F1DB4378700CA07ED /* entrybox.png */ = {isa = PBXFileReference; lastKnownFileType = image.png; path = entrybox.png; sourceTree = "<group>"; };
		257161101DB4378700CA07ED /* go button.png */ = {isa = PBXFileReference; lastKnownFileType = image.png; path = "go button.png"; sourceTree = "<group>"; };
		257161111DB4378700CA07ED /* H1.png */ = {isa = PBXFileReference; lastKnownFileType = image.png; path = H1.png; sourceTree = "<group>"; };
		257161121DB4378700CA07ED /* IR.png */ = {isa = PBXFileReference; lastKnownFileType = image.png; path = IR.png; sourceTree = "<group>"; };
		257161131DB4378700CA07ED /* speklogo.1.png */ = {isa = PBXFileReference; lastKnownFileType = image.png; path = speklogo.1.png; sourceTree = "<group>"; };
		2571611B1DB439AF00CA07ED /* splash.png */ = {isa = PBXFileReference; lastKnownFileType = image.png; path = splash.png; sourceTree = "<group>"; };
/* End PBXFileReference section */

/* Begin PBXFrameworksBuildPhase section */
		2512DB371DAC24B20048EA4C /* Frameworks */ = {
			isa = PBXFrameworksBuildPhase;
			buildActionMask = 2147483647;
			files = (
			);
			runOnlyForDeploymentPostprocessing = 0;
		};
		2512DB4C1DAC24B20048EA4C /* Frameworks */ = {
			isa = PBXFrameworksBuildPhase;
			buildActionMask = 2147483647;
			files = (
			);
			runOnlyForDeploymentPostprocessing = 0;
		};
/* End PBXFrameworksBuildPhase section */

/* Begin PBXGroup section */
		2512DB311DAC24B20048EA4C = {
			isa = PBXGroup;
			children = (
				2571611B1DB439AF00CA07ED /* splash.png */,
				2571610D1DB4378700CA07ED /* c13.png */,
				2571610E1DB4378700CA07ED /* clear button.png */,
				2571610F1DB4378700CA07ED /* entrybox.png */,
				257161101DB4378700CA07ED /* go button.png */,
				257161111DB4378700CA07ED /* H1.png */,
				257161121DB4378700CA07ED /* IR.png */,
				257161131DB4378700CA07ED /* speklogo.1.png */,
				257160D11DAC45EC00CA07ED /* SPEKTRALLE */,
				2512DB3C1DAC24B20048EA4C /* SPEKTRALLE */,
				2512DB521DAC24B20048EA4C /* SPEKTRALLETests */,
				2512DB3B1DAC24B20048EA4C /* Products */,
			);
			sourceTree = "<group>";
		};
		2512DB3B1DAC24B20048EA4C /* Products */ = {
			isa = PBXGroup;
			children = (
				2512DB3A1DAC24B20048EA4C /* SPEKTRALLE.app */,
				2512DB4F1DAC24B20048EA4C /* SPEKTRALLETests.xctest */,
			);
			name = Products;
			sourceTree = "<group>";
		};
		2512DB3C1DAC24B20048EA4C /* SPEKTRALLE */ = {
			isa = PBXGroup;
			children = (
				2512DB3F1DAC24B20048EA4C /* AppDelegate.swift */,
				2512DB411DAC24B20048EA4C /* ViewController.swift */,
				2512DB431DAC24B20048EA4C /* Main.storyboard */,
				2512DB461DAC24B20048EA4C /* Images.xcassets */,
				2512DB481DAC24B20048EA4C /* LaunchScreen.xib */,
				2512DB3D1DAC24B20048EA4C /* Supporting Files */,
				2547B2261F76BFEE00EF7A9A /* ResultView.swift */,
			);
			path = SPEKTRALLE;
			sourceTree = "<group>";
		};
		2512DB3D1DAC24B20048EA4C /* Supporting Files */ = {
			isa = PBXGroup;
			children = (
				2512DB3E1DAC24B20048EA4C /* Info.plist */,
			);
			name = "Supporting Files";
			sourceTree = "<group>";
		};
		2512DB521DAC24B20048EA4C /* SPEKTRALLETests */ = {
			isa = PBXGroup;
			children = (
				2512DB551DAC24B20048EA4C /* SPEKTRALLETests.swift */,
				2512DB531DAC24B20048EA4C /* Supporting Files */,
			);
			path = SPEKTRALLETests;
			sourceTree = "<group>";
		};
		2512DB531DAC24B20048EA4C /* Supporting Files */ = {
			isa = PBXGroup;
			children = (
				2512DB541DAC24B20048EA4C /* Info.plist */,
			);
			name = "Supporting Files";
			sourceTree = "<group>";
		};
/* End PBXGroup section */

/* Begin PBXNativeTarget section */
		2512DB391DAC24B20048EA4C /* SPEKTRALLE */ = {
			isa = PBXNativeTarget;
			buildConfigurationList = 2512DB591DAC24B20048EA4C /* Build configuration list for PBXNativeTarget "SPEKTRALLE" */;
			buildPhases = (
				2512DB361DAC24B20048EA4C /* Sources */,
				2512DB371DAC24B20048EA4C /* Frameworks */,
				2512DB381DAC24B20048EA4C /* Resources */,
			);
			buildRules = (
			);
			dependencies = (
			);
			name = SPEKTRALLE;
			productName = SPEKTRALLE;
			productReference = 2512DB3A1DAC24B20048EA4C /* SPEKTRALLE.app */;
			productType = "com.apple.product-type.application";
		};
		2512DB4E1DAC24B20048EA4C /* SPEKTRALLETests */ = {
			isa = PBXNativeTarget;
			buildConfigurationList = 2512DB5C1DAC24B20048EA4C /* Build configuration list for PBXNativeTarget "SPEKTRALLETests" */;
			buildPhases = (
				2512DB4B1DAC24B20048EA4C /* Sources */,
				2512DB4C1DAC24B20048EA4C /* Frameworks */,
				2512DB4D1DAC24B20048EA4C /* Resources */,
			);
			buildRules = (
			);
			dependencies = (
				2512DB511DAC24B20048EA4C /* PBXTargetDependency */,
			);
			name = SPEKTRALLETests;
			productName = SPEKTRALLETests;
			productReference = 2512DB4F1DAC24B20048EA4C /* SPEKTRALLETests.xctest */;
			productType = "com.apple.product-type.bundle.unit-test";
		};
/* End PBXNativeTarget section */

/* Begin PBXProject section */
		2512DB321DAC24B20048EA4C /* Project object */ = {
			isa = PBXProject;
			attributes = {
				LastUpgradeCheck = 0640;
				ORGANIZATIONNAME = MounikaGarlapati;
				TargetAttributes = {
					2512DB391DAC24B20048EA4C = {
						CreatedOnToolsVersion = 6.4;
					};
					2512DB4E1DAC24B20048EA4C = {
						CreatedOnToolsVersion = 6.4;
						TestTargetID = 2512DB391DAC24B20048EA4C;
					};
				};
			};
			buildConfigurationList = 2512DB351DAC24B20048EA4C /* Build configuration list for PBXProject "SPEKTRALLE" */;
			compatibilityVersion = "Xcode 3.2";
			developmentRegion = English;
			hasScannedForEncodings = 0;
			knownRegions = (
				en,
				Base,
			);
			mainGroup = 2512DB311DAC24B20048EA4C;
			productRefGroup = 2512DB3B1DAC24B20048EA4C /* Products */;
			projectDirPath = "";
			projectRoot = "";
			targets = (
				2512DB391DAC24B20048EA4C /* SPEKTRALLE */,
				2512DB4E1DAC24B20048EA4C /* SPEKTRALLETests */,
			);
		};
/* End PBXProject section */

/* Begin PBXResourcesBuildPhase section */
		2512DB381DAC24B20048EA4C /* Resources */ = {
			isa = PBXResourcesBuildPhase;
			buildActionMask = 2147483647;
			files = (
				257161191DB4378700CA07ED /* IR.png in Resources */,
				2512DB451DAC24B20048EA4C /* Main.storyboard in Resources */,
				257161141DB4378700CA07ED /* c13.png in Resources */,
				257161171DB4378700CA07ED /* go button.png in Resources */,
				2571611C1DB439AF00CA07ED /* splash.png in Resources */,
				257161161DB4378700CA07ED /* entrybox.png in Resources */,
				257161151DB4378700CA07ED /* clear button.png in Resources */,
				2512DB4A1DAC24B20048EA4C /* LaunchScreen.xib in Resources */,
				257161181DB4378700CA07ED /* H1.png in Resources */,
				2512DB471DAC24B20048EA4C /* Images.xcassets in Resources */,
				2571611A1DB4378700CA07ED /* speklogo.1.png in Resources */,
				257160D21DAC45EC00CA07ED /* SPEKTRALLE in Resources */,
			);
			runOnlyForDeploymentPostprocessing = 0;
		};
		2512DB4D1DAC24B20048EA4C /* Resources */ = {
			isa = PBXResourcesBuildPhase;
			buildActionMask = 2147483647;
			files = (
			);
			runOnlyForDeploymentPostprocessing = 0;
		};
/* End PBXResourcesBuildPhase section */

/* Begin PBXSourcesBuildPhase section */
		2512DB361DAC24B20048EA4C /* Sources */ = {
			isa = PBXSourcesBuildPhase;
			buildActionMask = 2147483647;
			files = (
				2512DB421DAC24B20048EA4C /* ViewController.swift in Sources */,
				2512DB401DAC24B20048EA4C /* AppDelegate.swift in Sources */,
				2547B2271F76BFEE00EF7A9A /* ResultView.swift in Sources */,
			);
			runOnlyForDeploymentPostprocessing = 0;
		};
		2512DB4B1DAC24B20048EA4C /* Sources */ = {
			isa = PBXSourcesBuildPhase;
			buildActionMask = 2147483647;
			files = (
				2512DB561DAC24B20048EA4C /* SPEKTRALLETests.swift in Sources */,
			);
			runOnlyForDeploymentPostprocessing = 0;
		};
/* End PBXSourcesBuildPhase section */

/* Begin PBXTargetDependency section */
		2512DB511DAC24B20048EA4C /* PBXTargetDependency */ = {
			isa = PBXTargetDependency;
			target = 2512DB391DAC24B20048EA4C /* SPEKTRALLE */;
			targetProxy = 2512DB501DAC24B20048EA4C /* PBXContainerItemProxy */;
		};
/* End PBXTargetDependency section */

/* Begin PBXVariantGroup section */
		2512DB431DAC24B20048EA4C /* Main.storyboard */ = {
			isa = PBXVariantGroup;
			children = (
				2512DB441DAC24B20048EA4C /* Base */,
			);
			name = Main.storyboard;
			sourceTree = "<group>";
		};
		2512DB481DAC24B20048EA4C /* LaunchScreen.xib */ = {
			isa = PBXVariantGroup;
			children = (
				2512DB491DAC24B20048EA4C /* Base */,
			);
			name = LaunchScreen.xib;
			sourceTree = "<group>";
		};
/* End PBXVariantGroup section */

/* Begin XCBuildConfiguration section */
		2512DB571DAC24B20048EA4C /* Debug */ = {
			isa = XCBuildConfiguration;
			buildSettings = {
				ALWAYS_SEARCH_USER_PATHS = NO;
				CLANG_CXX_LANGUAGE_STANDARD = "gnu++0x";
				CLANG_CXX_LIBRARY = "libc++";
				CLANG_ENABLE_MODULES = YES;
				CLANG_ENABLE_OBJC_ARC = YES;
				CLANG_WARN_BOOL_CONVERSION = YES;
				CLANG_WARN_CONSTANT_CONVERSION = YES;
				CLANG_WARN_DIRECT_OBJC_ISA_USAGE = YES_ERROR;
				CLANG_WARN_EMPTY_BODY = YES;
				CLANG_WARN_ENUM_CONVERSION = YES;
				CLANG_WARN_INT_CONVERSION = YES;
				CLANG_WARN_OBJC_ROOT_CLASS = YES_ERROR;
				CLANG_WARN_UNREACHABLE_CODE = YES;
				CLANG_WARN__DUPLICATE_METHOD_MATCH = YES;
				"CODE_SIGN_IDENTITY[sdk=iphoneos*]" = "iPhone Developer";
				COPY_PHASE_STRIP = NO;
				DEBUG_INFORMATION_FORMAT = "dwarf-with-dsym";
				ENABLE_STRICT_OBJC_MSGSEND = YES;
				GCC_C_LANGUAGE_STANDARD = gnu99;
				GCC_DYNAMIC_NO_PIC = NO;
				GCC_NO_COMMON_BLOCKS = YES;
				GCC_OPTIMIZATION_LEVEL = 0;
				GCC_PREPROCESSOR_DEFINITIONS = (
					"DEBUG=1",
					"$(inherited)",
				);
				GCC_SYMBOLS_PRIVATE_EXTERN = NO;
				GCC_WARN_64_TO_32_BIT_CONVERSION = YES;
				GCC_WARN_ABOUT_RETURN_TYPE = YES_ERROR;
				GCC_WARN_UNDECLARED_SELECTOR = YES;
				GCC_WARN_UNINITIALIZED_AUTOS = YES_AGGRESSIVE;
				GCC_WARN_UNUSED_FUNCTION = YES;
				GCC_WARN_UNUSED_VARIABLE = YES;
				IPHONEOS_DEPLOYMENT_TARGET = 8.4;
				MTL_ENABLE_DEBUG_INFO = YES;
				ONLY_ACTIVE_ARCH = YES;
				SDKROOT = iphoneos;
				SWIFT_OPTIMIZATION_LEVEL = "-Onone";
				TARGETED_DEVICE_FAMILY = "1,2";
			};
			name = Debug;
		};
		2512DB581DAC24B20048EA4C /* Release */ = {
			isa = XCBuildConfiguration;
			buildSettings = {
				ALWAYS_SEARCH_USER_PATHS = NO;
				CLANG_CXX_LANGUAGE_STANDARD = "gnu++0x";
				CLANG_CXX_LIBRARY = "libc++";
				CLANG_ENABLE_MODULES = YES;
				CLANG_ENABLE_OBJC_ARC = YES;
				CLANG_WARN_BOOL_CONVERSION = YES;
				CLANG_WARN_CONSTANT_CONVERSION = YES;
				CLANG_WARN_DIRECT_OBJC_ISA_USAGE = YES_ERROR;
				CLANG_WARN_EMPTY_BODY = YES;
				CLANG_WARN_ENUM_CONVERSION = YES;
				CLANG_WARN_INT_CONVERSION = YES;
				CLANG_WARN_OBJC_ROOT_CLASS = YES_ERROR;
				CLANG_WARN_UNREACHABLE_CODE = YES;
				CLANG_WARN__DUPLICATE_METHOD_MATCH = YES;
				"CODE_SIGN_IDENTITY[sdk=iphoneos*]" = "iPhone Developer";
				COPY_PHASE_STRIP = NO;
				DEBUG_INFORMATION_FORMAT = "dwarf-with-dsym";
				ENABLE_NS_ASSERTIONS = NO;
				ENABLE_STRICT_OBJC_MSGSEND = YES;
				GCC_C_LANGUAGE_STANDARD = gnu99;
				GCC_NO_COMMON_BLOCKS = YES;
				GCC_WARN_64_TO_32_BIT_CONVERSION = YES;
				GCC_WARN_ABOUT_RETURN_TYPE = YES_ERROR;
				GCC_WARN_UNDECLARED_SELECTOR = YES;
				GCC_WARN_UNINITIALIZED_AUTOS = YES_AGGRESSIVE;
				GCC_WARN_UNUSED_FUNCTION = YES;
				GCC_WARN_UNUSED_VARIABLE = YES;
				IPHONEOS_DEPLOYMENT_TARGET = 8.4;
				MTL_ENABLE_DEBUG_INFO = NO;
				SDKROOT = iphoneos;
				TARGETED_DEVICE_FAMILY = "1,2";
				VALIDATE_PRODUCT = YES;
			};
			name = Release;
		};
		2512DB5A1DAC24B20048EA4C /* Debug */ = {
			isa = XCBuildConfiguration;
			buildSettings = {
				ASSETCATALOG_COMPILER_APPICON_NAME = AppIcon;
				INFOPLIST_FILE = SPEKTRALLE/Info.plist;
				LD_RUNPATH_SEARCH_PATHS = "$(inherited) @executable_path/Frameworks";
				PRODUCT_NAME = "$(TARGET_NAME)";
			};
			name = Debug;
		};
		2512DB5B1DAC24B20048EA4C /* Release */ = {
			isa = XCBuildConfiguration;
			buildSettings = {
				ASSETCATALOG_COMPILER_APPICON_NAME = AppIcon;
				INFOPLIST_FILE = SPEKTRALLE/Info.plist;
				LD_RUNPATH_SEARCH_PATHS = "$(inherited) @executable_path/Frameworks";
				PRODUCT_NAME = "$(TARGET_NAME)";
			};
			name = Release;
		};
		2512DB5D1DAC24B20048EA4C /* Debug */ = {
			isa = XCBuildConfiguration;
			buildSettings = {
				BUNDLE_LOADER = "$(TEST_HOST)";
				FRAMEWORK_SEARCH_PATHS = (
					"$(SDKROOT)/Developer/Library/Frameworks",
					"$(inherited)",
				);
				GCC_PREPROCESSOR_DEFINITIONS = (
					"DEBUG=1",
					"$(inherited)",
				);
				INFOPLIST_FILE = SPEKTRALLETests/Info.plist;
				LD_RUNPATH_SEARCH_PATHS = "$(inherited) @executable_path/Frameworks @loader_path/Frameworks";
				PRODUCT_NAME = "$(TARGET_NAME)";
				TEST_HOST = "$(BUILT_PRODUCTS_DIR)/SPEKTRALLE.app/SPEKTRALLE";
			};
			name = Debug;
		};
		2512DB5E1DAC24B20048EA4C /* Release */ = {
			isa = XCBuildConfiguration;
			buildSettings = {
				BUNDLE_LOADER = "$(TEST_HOST)";
				FRAMEWORK_SEARCH_PATHS = (
					"$(SDKROOT)/Developer/Library/Frameworks",
					"$(inherited)",
				);
				INFOPLIST_FILE = SPEKTRALLETests/Info.plist;
				LD_RUNPATH_SEARCH_PATHS = "$(inherited) @executable_path/Frameworks @loader_path/Frameworks";
				PRODUCT_NAME = "$(TARGET_NAME)";
				TEST_HOST = "$(BUILT_PRODUCTS_DIR)/SPEKTRALLE.app/SPEKTRALLE";
			};
			name = Release;
		};
/* End XCBuildConfiguration section */

/* Begin XCConfigurationList section */
		2512DB351DAC24B20048EA4C /* Build configuration list for PBXProject "SPEKTRALLE" */ = {
			isa = XCConfigurationList;
			buildConfigurations = (
				2512DB571DAC24B20048EA4C /* Debug */,
				2512DB581DAC24B20048EA4C /* Release */,
			);
			defaultConfigurationIsVisible = 0;
			defaultConfigurationName = Release;
		};
		2512DB591DAC24B20048EA4C /* Build configuration list for PBXNativeTarget "SPEKTRALLE" */ = {
			isa = XCConfigurationList;
			buildConfigurations = (
				2512DB5A1DAC24B20048EA4C /* Debug */,
				2512DB5B1DAC24B20048EA4C /* Release */,
			);
			defaultConfigurationIsVisible = 0;
			defaultConfigurationName = Release;
		};
		2512DB5C1DAC24B20048EA4C /* Build configuration list for PBXNativeTarget "SPEKTRALLETests" */ = {
			isa = XCConfigurationList;
			buildConfigurations = (
				2512DB5D1DAC24B20048EA4C /* Debug */,
				2512DB5E1DAC24B20048EA4C /* Release */,
			);
			defaultConfigurationIsVisible = 0;
			defaultConfigurationName = Release;
		};
/* End XCConfigurationList section */
	};
	rootObject = 2512DB321DAC24B20048EA4C /* Project object */;
}
